github.com/Code-Hex/synchro v0.5.3 h1:BRpfrQUBXDShRnF9JodEnbezlTopUOy5qcy6u1D5700=
github.com/Code-Hex/synchro v0.5.3/go.mod h1:USpQ++dx1+FbEeaDWiTAwOQVALdTel2y6Hy61knSJ6c=
github.com/aws/aws-sdk-go-v2 v1.36.3 h1:mJoei2CxPutQVxaATCzDUjcZEjVRdpsiiXi2o38yqWM=
github.com/aws/aws-sdk-go-v2 v1.36.3/go.mod h1:LLXuLpgzEbD766Z5ECcRmi8AzSwfZItDtmABVkRLGzg=
github.com/aws/aws-sdk-go-v2/feature/dynamodb/attributevalue v1.18.6 h1:5MXQb+ASlUe0SgSmPt8V0l4EFRKLyr0krAnMqMvlAjQ=
github.com/aws/aws-sdk-go-v2/feature/dynamodb/attributevalue v1.18.6/go.mod h1:V+IXONaymKaUpRMGVqdjaXhZwYFHAgFwxmJi6/132tE=
github.com/aws/aws-sdk-go-v2/feature/dynamodb/attributevalue v1.18.7 h1:XUU8kEvb2hJd2z5uu/opq3byWwPrl9wH/jsVTWJ7IhM=
github.com/aws/aws-sdk-go-v2/feature/dynamodb/attributevalue v1.18.7/go.mod h1:mLzHwUsn6O03hXf0wNhEy1ICdDdDBnCPdWlM3t63aQo=
github.com/aws/aws-sdk-go-v2/service/dynamodb v1.41.0 h1:kSMAk72LZ5eIdY/W+tVV6VdokciajcDdVClEBVNWNP0=
github.com/aws/aws-sdk-go-v2/service/dynamodb v1.41.0/go.mod h1:yYaWRnVSPyAmexW5t7G3TcuYoalYfT+xQwzWsvtUQ7M=
github.com/aws/aws-sdk-go-v2/service/dynamodb v1.41.1 h1:DEys4E5Q2p735j56lteNVyByIBDAlMrO5VIEd9RC0/4=
github.com/aws/aws-sdk-go-v2/service/dynamodb v1.41.1/go.mod h1:yYaWRnVSPyAmexW5t7G3TcuYoalYfT+xQwzWsvtUQ7M=
github.com/aws/aws-sdk-go-v2/service/dynamodbstreams v1.25.0 h1:iTFqGH+Eel+KPW0cFvsA6JVP9/86MEbENVz60dbHxIs=
github.com/aws/aws-sdk-go-v2/service/dynamodbstreams v1.25.0/go.mod h1:lUqWdw5/esjPTkITXhN4C66o1ltwDq2qQ12j3SOzhVg=
github.com/aws/aws-sdk-go-v2/service/dynamodbstreams v1.25.1 h1:ZJfy2cSyoAOl7maGfRI4/J+cy00AczaYwVCow+bsc4k=
github.com/aws/aws-sdk-go-v2/service/dynamodbstreams v1.25.1/go.mod h1:lUqWdw5/esjPTkITXhN4C66o1ltwDq2qQ12j3SOzhVg=
github.com/aws/smithy-go v1.22.2 h1:6D9hW43xKFrRx/tXXfAlIZc4JI+yQe6snnWcQyxSyLQ=
github.com/aws/smithy-go v1.22.2/go.mod h1:irrKGvNn1InZwb2d7fkIRNucdfwR8R+Ts3wxYa/cJHg=
github.com/google/go-cmp v0.6.0 h1:ofyhxvXcZhMsU5ulbFiLKl/XBFqE1GSq7atu8tAmTRI=
github.com/google/go-cmp v0.6.0/go.mod h1:17dUlkBOakJ0+DkrSSNjCkIjxS6bF9zb3elmeNGIjoY=
github.com/itchyny/timefmt-go v0.1.6 h1:ia3s54iciXDdzWzwaVKXZPbiXzxxnv1SPGFfM/myJ5Q=
github.com/itchyny/timefmt-go v0.1.6/go.mod h1:RRDZYC5s9ErkjQvTvvU7keJjxUYzIISJGxm9/mAERQg=
